// !$*UTF8*$!
{
	archiveVersion = 1;
	classes = {
	};
	objectVersion = 50;
	objects = {

/* Begin PBXBuildFile section */
		2EB99F3E215EC1820061874C /* AppDelegate.swift in Sources */ = {isa = PBXBuildFile; fileRef = 2EB99F3D215EC1820061874C /* AppDelegate.swift */; };
		2EB99F40215EC1820061874C /* ViewController.swift in Sources */ = {isa = PBXBuildFile; fileRef = 2EB99F3F215EC1820061874C /* ViewController.swift */; };
		2EB99F43215EC1820061874C /* Main.storyboard in Resources */ = {isa = PBXBuildFile; fileRef = 2EB99F41215EC1820061874C /* Main.storyboard */; };
		2EB99F45215EC1830061874C /* Assets.xcassets in Resources */ = {isa = PBXBuildFile; fileRef = 2EB99F44215EC1830061874C /* Assets.xcassets */; };
		2EB99F48215EC1830061874C /* LaunchScreen.storyboard in Resources */ = {isa = PBXBuildFile; fileRef = 2EB99F46215EC1830061874C /* LaunchScreen.storyboard */; };
		2EB99F50215EC7320061874C /* CustomA.swift in Sources */ = {isa = PBXBuildFile; fileRef = 2EB99F4F215EC7320061874C /* CustomA.swift */; };
		2EB99F52215EC73B0061874C /* CustomB.swift in Sources */ = {isa = PBXBuildFile; fileRef = 2EB99F51215EC73B0061874C /* CustomB.swift */; };
		2EB99F54215EC7430061874C /* CustomC.swift in Sources */ = {isa = PBXBuildFile; fileRef = 2EB99F53215EC7430061874C /* CustomC.swift */; };
		2EB99F56215ED0120061874C /* CustomD.swift in Sources */ = {isa = PBXBuildFile; fileRef = 2EB99F55215ED0120061874C /* CustomD.swift */; };
/* End PBXBuildFile section */

/* Begin PBXFileReference section */
		2EB99F3A215EC1820061874C /* EjemploContentLayout.app */ = {isa = PBXFileReference; explicitFileType = wrapper.application; includeInIndex = 0; path = EjemploContentLayout.app; sourceTree = BUILT_PRODUCTS_DIR; };
		2EB99F3D215EC1820061874C /* AppDelegate.swift */ = {isa = PBXFileReference; lastKnownFileType = sourcecode.swift; path = AppDelegate.swift; sourceTree = "<group>"; };
		2EB99F3F215EC1820061874C /* ViewController.swift */ = {isa = PBXFileReference; lastKnownFileType = sourcecode.swift; path = ViewController.swift; sourceTree = "<group>"; };
		2EB99F42215EC1820061874C /* Base */ = {isa = PBXFileReference; lastKnownFileType = file.storyboard; name = Base; path = Base.lproj/Main.storyboard; sourceTree = "<group>"; };
		2EB99F44215EC1830061874C /* Assets.xcassets */ = {isa = PBXFileReference; lastKnownFileType = folder.assetcatalog; path = Assets.xcassets; sourceTree = "<group>"; };
		2EB99F47215EC1830061874C /* Base */ = {isa = PBXFileReference; lastKnownFileType = file.storyboard; name = Base; path = Base.lproj/LaunchScreen.storyboard; sourceTree = "<group>"; };
		2EB99F49215EC1830061874C /* Info.plist */ = {isa = PBXFileReference; lastKnownFileType = text.plist.xml; path = Info.plist; sourceTree = "<group>"; };
		2EB99F4F215EC7320061874C /* CustomA.swift */ = {isa = PBXFileReference; lastKnownFileType = sourcecode.swift; path = CustomA.swift; sourceTree = "<group>"; };
		2EB99F51215EC73B0061874C /* CustomB.swift */ = {isa = PBXFileReference; lastKnownFileType = sourcecode.swift; path = CustomB.swift; sourceTree = "<group>"; };
		2EB99F53215EC7430061874C /* CustomC.swift */ = {isa = PBXFileReference; lastKnownFileType = sourcecode.swift; path = CustomC.swift; sourceTree = "<group>"; };
		2EB99F55215ED0120061874C /* CustomD.swift */ = {isa = PBXFileReference; lastKnownFileType = sourcecode.swift; path = CustomD.swift; sourceTree = "<group>"; };
/* End PBXFileReference section */

/* Begin PBXFrameworksBuildPhase section */
		2EB99F37215EC1820061874C /* Frameworks */ = {
			isa = PBXFrameworksBuildPhase;
			buildActionMask = 2147483647;
			files = (
			);
			runOnlyForDeploymentPostprocessing = 0;
		};
/* End PBXFrameworksBuildPhase section */

/* Begin PBXGroup section */
		2EB99F31215EC1820061874C = {
			isa = PBXGroup;
			children = (
				2EB99F3C215EC1820061874C /* EjemploContentLayout */,
				2EB99F3B215EC1820061874C /* Products */,
			);
			sourceTree = "<group>";
		};
		2EB99F3B215EC1820061874C /* Products */ = {
			isa = PBXGroup;
			children = (
				2EB99F3A215EC1820061874C /* EjemploContentLayout.app */,
			);
			name = Products;
			sourceTree = "<group>";
		};
		2EB99F3C215EC1820061874C /* EjemploContentLayout */ = {
			isa = PBXGroup;
			children = (
				2EB99F3D215EC1820061874C /* AppDelegate.swift */,
				2EB99F3F215EC1820061874C /* ViewController.swift */,
				2EB99F41215EC1820061874C /* Main.storyboard */,
				2EB99F44215EC1830061874C /* Assets.xcassets */,
				2EB99F46215EC1830061874C /* LaunchScreen.storyboard */,
				2EB99F49215EC1830061874C /* Info.plist */,
				2EB99F4F215EC7320061874C /* CustomA.swift */,
				2EB99F51215EC73B0061874C /* CustomB.swift */,
				2EB99F53215EC7430061874C /* CustomC.swift */,
				2EB99F55215ED0120061874C /* CustomD.swift */,
			);
			path = EjemploContentLayout;
			sourceTree = "<group>";
		};
/* End PBXGroup section */

/* Begin PBXNativeTarget section */
		2EB99F39215EC1820061874C /* EjemploContentLayout */ = {
			isa = PBXNativeTarget;
			buildConfigurationList = 2EB99F4C215EC1830061874C /* Build configuration list for PBXNativeTarget "EjemploContentLayout" */;
			buildPhases = (
				2EB99F36215EC1820061874C /* Sources */,
				2EB99F37215EC1820061874C /* Frameworks */,
				2EB99F38215EC1820061874C /* Resources */,
			);
			buildRules = (
			);
			dependencies = (
			);
			name = EjemploContentLayout;
			productName = EjemploContentLayout;
			productReference = 2EB99F3A215EC1820061874C /* EjemploContentLayout.app */;
			productType = "com.apple.product-type.application";
		};
/* End PBXNativeTarget section */

/* Begin PBXProject section */
		2EB99F32215EC1820061874C /* Project object */ = {
			isa = PBXProject;
			attributes = {
				LastSwiftUpdateCheck = 1000;
				LastUpgradeCheck = 1000;
				ORGANIZATIONNAME = "Cristian Tinoco Yurivilca";
				TargetAttributes = {
					2EB99F39215EC1820061874C = {
						CreatedOnToolsVersion = 10.0;
					};
				};
			};
			buildConfigurationList = 2EB99F35215EC1820061874C /* Build configuration list for PBXProject "EjemploContentLayout" */;
			compatibilityVersion = "Xcode 9.3";
			developmentRegion = en;
			hasScannedForEncodings = 0;
			knownRegions = (
				en,
				Base,
			);
			mainGroup = 2EB99F31215EC1820061874C;
			productRefGroup = 2EB99F3B215EC1820061874C /* Products */;
			projectDirPath = "";
			projectRoot = "";
			targets = (
				2EB99F39215EC1820061874C /* EjemploContentLayout */,
			);
		};
/* End PBXProject section */

/* Begin PBXResourcesBuildPhase section */
		2EB99F38215EC1820061874C /* Resources */ = {
			isa = PBXResourcesBuildPhase;
			buildActionMask = 2147483647;
			files = (
				2EB99F48215EC1830061874C /* LaunchScreen.storyboard in Resources */,
				2EB99F45215EC1830061874C /* Assets.xcassets in Resources */,
				2EB99F43215EC1820061874C /* Main.storyboard in Resources */,
			);
			runOnlyForDeploymentPostprocessing = 0;
		};
/* End PBXResourcesBuildPhase section */

/* Begin PBXSourcesBuildPhase section */
		2EB99F36215EC1820061874C /* Sources */ = {
			isa = PBXSourcesBuildPhase;
			buildActionMask = 2147483647;
			files = (
				2EB99F40215EC1820061874C /* ViewController.swift in Sources */,
				2EB99F52215EC73B0061874C /* CustomB.swift in Sources */,
				2EB99F3E215EC1820061874C /* AppDelegate.swift in Sources */,
				2EB99F54215EC7430061874C /* CustomC.swift in Sources */,
				2EB99F50215EC7320061874C /* CustomA.swift in Sources */,
				2EB99F56215ED0120061874C /* CustomD.swift in Sources */,
			);
			runOnlyForDeploymentPostprocessing = 0;
		};
/* End PBXSourcesBuildPhase section */

/* Begin PBXVariantGroup section */
		2EB99F41215EC1820061874C /* Main.storyboard */ = {
			isa = PBXVariantGroup;
			children = (
				2EB99F42215EC1820061874C /* Base */,
			);
			name = Main.storyboard;
			sourceTree = "<group>";
		};
		2EB99F46215EC1830061874C /* LaunchScreen.storyboard */ = {
			isa = PBXVariantGroup;
			children = (
				2EB99F47215EC1830061874C /* Base */,
			);
			name = LaunchScreen.storyboard;
			sourceTree = "<group>";
		};
/* End PBXVariantGroup section */

/* Begin XCBuildConfiguration section */
		2EB99F4A215EC1830061874C /* Debug */ = {
			isa = XCBuildConfiguration;
			buildSettings = {
				ALWAYS_SEARCH_USER_PATHS = NO;
				CLANG_ANALYZER_NONNULL = YES;
				CLANG_ANALYZER_NUMBER_OBJECT_CONVERSION = YES_AGGRESSIVE;
				CLANG_CXX_LANGUAGE_STANDARD = "gnu++14";
				CLANG_CXX_LIBRARY = "libc++";
				CLANG_ENABLE_MODULES = YES;
				CLANG_ENABLE_OBJC_ARC = YES;
				CLANG_ENABLE_OBJC_WEAK = YES;
				CLANG_WARN_BLOCK_CAPTURE_AUTORELEASING = YES;
				CLANG_WARN_BOOL_CONVERSION = YES;
				CLANG_WARN_COMMA = YES;
				CLANG_WARN_CONSTANT_CONVERSION = YES;
				CLANG_WARN_DEPRECATED_OBJC_IMPLEMENTATIONS = YES;
				CLANG_WARN_DIRECT_OBJC_ISA_USAGE = YES_ERROR;
				CLANG_WARN_DOCUMENTATION_COMMENTS = YES;
				CLANG_WARN_EMPTY_BODY = YES;
				CLANG_WARN_ENUM_CONVERSION = YES;
				CLANG_WARN_INFINITE_RECURSION = YES;
				CLANG_WARN_INT_CONVERSION = YES;
				CLANG_WARN_NON_LITERAL_NULL_CONVERSION = YES;
				CLANG_WARN_OBJC_IMPLICIT_RETAIN_SELF = YES;
				CLANG_WARN_OBJC_LITERAL_CONVERSION = YES;
				CLANG_WARN_OBJC_ROOT_CLASS = YES_ERROR;
				CLANG_WARN_RANGE_LOOP_ANALYSIS = YES;
				CLANG_WARN_STRICT_PROTOTYPES = YES;
				CLANG_WARN_SUSPICIOUS_MOVE = YES;
				CLANG_WARN_UNGUARDED_AVAILABILITY = YES_AGGRESSIVE;
				CLANG_WARN_UNREACHABLE_CODE = YES;
				CLANG_WARN__DUPLICATE_METHOD_MATCH = YES;
				CODE_SIGN_IDENTITY = "iPhone Developer";
				COPY_PHASE_STRIP = NO;
				DEBUG_INFORMATION_FORMAT = dwarf;
				ENABLE_STRICT_OBJC_MSGSEND = YES;
				ENABLE_TESTABILITY = YES;
				GCC_C_LANGUAGE_STANDARD = gnu11;
				GCC_DYNAMIC_NO_PIC = NO;
				GCC_NO_COMMON_BLOCKS = YES;
				GCC_OPTIMIZATION_LEVEL = 0;
				GCC_PREPROCESSOR_DEFINITIONS = (
					"DEBUG=1",
					"$(inherited)",
				);
				GCC_WARN_64_TO_32_BIT_CONVERSION = YES;
				GCC_WARN_ABOUT_RETURN_TYPE = YES_ERROR;
				GCC_WARN_UNDECLARED_SELECTOR = YES;
				GCC_WARN_UNINITIALIZED_AUTOS = YES_AGGRESSIVE;
				GCC_WARN_UNUSED_FUNCTION = YES;
				GCC_WARN_UNUSED_VARIABLE = YES;
				IPHONEOS_DEPLOYMENT_TARGET = 12.0;
				MTL_ENABLE_DEBUG_INFO = INCLUDE_SOURCE;
				MTL_FAST_MATH = YES;
				ONLY_ACTIVE_ARCH = YES;
				SDKROOT = iphoneos;
				SWIFT_ACTIVE_COMPILATION_CONDITIONS = DEBUG;
				SWIFT_OPTIMIZATION_LEVEL = "-Onone";
			};
			name = Debug;
		};
		2EB99F4B215EC1830061874C /* Release */ = {
			isa = XCBuildConfiguration;
			buildSettings = {
				ALWAYS_SEARCH_USER_PATHS = NO;
				CLANG_ANALYZER_NONNULL = YES;
				CLANG_ANALYZER_NUMBER_OBJECT_CONVERSION = YES_AGGRESSIVE;
				CLANG_CXX_LANGUAGE_STANDARD = "gnu++14";
				CLANG_CXX_LIBRARY = "libc++";
				CLANG_ENABLE_MODULES = YES;
				CLANG_ENABLE_OBJC_ARC = YES;
				CLANG_ENABLE_OBJC_WEAK = YES;
				CLANG_WARN_BLOCK_CAPTURE_AUTORELEASING = YES;
				CLANG_WARN_BOOL_CONVERSION = YES;
				CLANG_WARN_COMMA = YES;
				CLANG_WARN_CONSTANT_CONVERSION = YES;
				CLANG_WARN_DEPRECATED_OBJC_IMPLEMENTATIONS = YES;
				CLANG_WARN_DIRECT_OBJC_ISA_USAGE = YES_ERROR;
				CLANG_WARN_DOCUMENTATION_COMMENTS = YES;
				CLANG_WARN_EMPTY_BODY = YES;
				CLANG_WARN_ENUM_CONVERSION = YES;
				CLANG_WARN_INFINITE_RECURSION = YES;
				CLANG_WARN_INT_CONVERSION = YES;
				CLANG_WARN_NON_LITERAL_NULL_CONVERSION = YES;
				CLANG_WARN_OBJC_IMPLICIT_RETAIN_SELF = YES;
				CLANG_WARN_OBJC_LITERAL_CONVERSION = YES;
				CLANG_WARN_OBJC_ROOT_CLASS = YES_ERROR;
				CLANG_WARN_RANGE_LOOP_ANALYSIS = YES;
				CLANG_WARN_STRICT_PROTOTYPES = YES;
				CLANG_WARN_SUSPICIOUS_MOVE = YES;
				CLANG_WARN_UNGUARDED_AVAILABILITY = YES_AGGRESSIVE;
				CLANG_WARN_UNREACHABLE_CODE = YES;
				CLANG_WARN__DUPLICATE_METHOD_MATCH = YES;
				CODE_SIGN_IDENTITY = "iPhone Developer";
				COPY_PHASE_STRIP = NO;
				DEBUG_INFORMATION_FORMAT = "dwarf-with-dsym";
				ENABLE_NS_ASSERTIONS = NO;
				ENABLE_STRICT_OBJC_MSGSEND = YES;
				GCC_C_LANGUAGE_STANDARD = gnu11;
				GCC_NO_COMMON_BLOCKS = YES;
				GCC_WARN_64_TO_32_BIT_CONVERSION = YES;
				GCC_WARN_ABOUT_RETURN_TYPE = YES_ERROR;
				GCC_WARN_UNDECLARED_SELECTOR = YES;
				GCC_WARN_UNINITIALIZED_AUTOS = YES_AGGRESSIVE;
				GCC_WARN_UNUSED_FUNCTION = YES;
				GCC_WARN_UNUSED_VARIABLE = YES;
				IPHONEOS_DEPLOYMENT_TARGET = 12.0;
				MTL_ENABLE_DEBUG_INFO = NO;
				MTL_FAST_MATH = YES;
				SDKROOT = iphoneos;
				SWIFT_COMPILATION_MODE = wholemodule;
				SWIFT_OPTIMIZATION_LEVEL = "-O";
				VALIDATE_PRODUCT = YES;
			};
			name = Release;
		};
		2EB99F4D215EC1830061874C /* Debug */ = {
			isa = XCBuildConfiguration;
			buildSettings = {
				ASSETCATALOG_COMPILER_APPICON_NAME = AppIcon;
				CODE_SIGN_STYLE = Automatic;
				INFOPLIST_FILE = EjemploContentLayout/Info.plist;
				LD_RUNPATH_SEARCH_PATHS = (
					"$(inherited)",
					"@executable_path/Frameworks",
				);
				PRODUCT_BUNDLE_IDENTIFIER = tycomss.EjemploContentLayout;
				PRODUCT_NAME = "$(TARGET_NAME)";
				SWIFT_VERSION = 4.2;
				TARGETED_DEVICE_FAMILY = "1,2";
			};
			name = Debug;
		};
		2EB99F4E215EC1830061874C /* Release */ = {
			isa = XCBuildConfiguration;
			buildSettings = {
				ASSETCATALOG_COMPILER_APPICON_NAME = AppIcon;
				CODE_SIGN_STYLE = Automatic;
				INFOPLIST_FILE = EjemploContentLayout/Info.plist;
				LD_RUNPATH_SEARCH_PATHS = (
					"$(inherited)",
					"@executable_path/Frameworks",
				);
				PRODUCT_BUNDLE_IDENTIFIER = tycomss.EjemploContentLayout;
				PRODUCT_NAME = "$(TARGET_NAME)";
				SWIFT_VERSION = 4.2;
				TARGETED_DEVICE_FAMILY = "1,2";
			};
			name = Release;
		};
/* End XCBuildConfiguration section */

/* Begin XCConfigurationList section */
		2EB99F35215EC1820061874C /* Build configuration list for PBXProject "EjemploContentLayout" */ = {
			isa = XCConfigurationList;
			buildConfigurations = (
				2EB99F4A215EC1830061874C /* Debug */,
				2EB99F4B215EC1830061874C /* Release */,
			);
			defaultConfigurationIsVisible = 0;
			defaultConfigurationName = Release;
		};
		2EB99F4C215EC1830061874C /* Build configuration list for PBXNativeTarget "EjemploContentLayout" */ = {
			isa = XCConfigurationList;
			buildConfigurations = (
				2EB99F4D215EC1830061874C /* Debug */,
				2EB99F4E215EC1830061874C /* Release */,
			);
			defaultConfigurationIsVisible = 0;
			defaultConfigurationName = Release;
		};
/* End XCConfigurationList section */
	};
	rootObject = 2EB99F32215EC1820061874C /* Project object */;
}
